
Microsoft Visual Studio Solution File, Format Version 12.00
# Visual Studio Version 16
VisualStudioVersion = 16.0.31410.357
MinimumVisualStudioVersion = 10.0.40219.1
Project("{FAE04EC0-301F-11D3-BF4B-00C04F79EFBC}") = "smb2os", "smb2os\smb2os.csproj", "{FCB3882A-76AE-4848-B1BA-C4D38BFDC9CE}"
EndProject
Global
	GlobalSection(SolutionConfigurationPlatforms) = preSolution
		Debug|Any CPU = Debug|Any CPU
		Release|Any CPU = Release|Any CPU
	EndGlobalSection
	GlobalSection(ProjectConfigurationPlatforms) = postSolution
		{FCB3882A-76AE-4848-B1BA-C4D38BFDC9CE}.Debug|Any CPU.ActiveCfg = Debug|Any CPU
		{FCB3882A-76AE-4848-B1BA-C4D38BFDC9CE}.Debug|Any CPU.Build.0 = Debug|Any CPU
		{FCB3882A-76AE-4848-B1BA-C4D38BFDC9CE}.Release|Any CPU.ActiveCfg = Release|Any CPU
		{FCB3882A-76AE-4848-B1BA-C4D38BFDC9CE}.Release|Any CPU.Build.0 = Release|Any CPU
	EndGlobalSection
	GlobalSection(SolutionProperties) = preSolution
		HideSolutionNode = FALSE
	EndGlobalSection
	GlobalSection(ExtensibilityGlobals) = postSolution
		SolutionGuid = {4804F334-4800-45DB-9D8A-664E53AB098C}
	EndGlobalSection
EndGlobal
